
Microsoft Visual Studio Solution File, Format Version 12.00
# Visual Studio Version 17
VisualStudioVersion = 17.5.002.0
MinimumVisualStudioVersion = 10.0.40219.1
Project("{9A19103F-16F7-4668-BE54-9A1E7A4F7556}") = "DesafioProjetoHospedagem", "DesafioProjetoHospedagem.csproj", "{0EC03A7B-09DD-45BA-BD1A-D4FC70B207C0}"
EndProject
Global
	GlobalSection(SolutionConfigurationPlatforms) = preSolution
		Debug|Any CPU = Debug|Any CPU
		Release|Any CPU = Release|Any CPU
	EndGlobalSection
	GlobalSection(ProjectConfigurationPlatforms) = postSolution
		{0EC03A7B-09DD-45BA-BD1A-D4FC70B207C0}.Debug|Any CPU.ActiveCfg = Debug|Any CPU
		{0EC03A7B-09DD-45BA-BD1A-D4FC70B207C0}.Debug|Any CPU.Build.0 = Debug|Any CPU
		{0EC03A7B-09DD-45BA-BD1A-D4FC70B207C0}.Release|Any CPU.ActiveCfg = Release|Any CPU
		{0EC03A7B-09DD-45BA-BD1A-D4FC70B207C0}.Release|Any CPU.Build.0 = Release|Any CPU
	EndGlobalSection
	GlobalSection(SolutionProperties) = preSolution
		HideSolutionNode = FALSE
	EndGlobalSection
	GlobalSection(ExtensibilityGlobals) = postSolution
		SolutionGuid = {012F312B-3909-4388-961E-20DC67D2DF76}
	EndGlobalSection
EndGlobal
